# THIS IS AN AUTOGENERATED FILE. DO NOT EDIT THIS FILE DIRECTLY.
# yarn lockfile v1


ask-sdk-core@^2.7.0:
  version "2.7.0"
  resolved "https://registry.yarnpkg.com/ask-sdk-core/-/ask-sdk-core-2.7.0.tgz#477064d850250149f0c3c4e1d510c7809109e98c"
  integrity sha512-XEuoQOH8B+fQqdVRtEeLWtNL46yjKxwIpbXg042ZaCNYwwmJaVmbvmnR5p0UXgKjULqWm1QEXjYL5INQlfrK7w==
  dependencies:
    ask-sdk-runtime "^2.7.0"

ask-sdk-model@^1.25.1:
  version "1.25.1"
  resolved "https://registry.yarnpkg.com/ask-sdk-model/-/ask-sdk-model-1.25.1.tgz#691694ec2e90ec255aa3eb910be2e49bef8ae9f2"
  integrity sha512-/rP8zdsIOdsp7B2THbtZpHq3cPW4VXPFyd18pN3cdaaBtfM4Karl9xDFGYBL160c4LT1mLohB2ke6NDb8izYfQ==

ask-sdk-runtime@^2.7.0:
  version "2.7.0"
  resolved "https://registry.yarnpkg.com/ask-sdk-runtime/-/ask-sdk-runtime-2.7.0.tgz#2905ed9921d9d961c8770ebd29116cb4c7236b39"
  integrity sha512-l2YxzibbTc8Ld5Rpy/Kg3oASiCGKHxgbZnKYrywZStlDPF5tEAGpRBhdtVd+yBSRikl/9fgcetb2wMewtoZF2g==
